{
  "requires": true,
  "lockfileVersion": 1,
  "dependencies": {
    "kontra": {
      "version": "6.3.0",
      "resolved": "https://registry.npmjs.org/kontra/-/kontra-6.3.0.tgz",
      "integrity": "sha512-dRVLg5d1OB9oFcacHkvYEjjqLv2NiKvT6GvHNoo9iGbVBUNQRDVVTQKYgJbaAnC84lBqOWoq3rJJ9dzBYdTd3w=="
    }
  }
}
